
Microsoft Visual Studio Solution File, Format Version 12.00
# Visual Studio Version 17
VisualStudioVersion = 17.5.2.0
MinimumVisualStudioVersion = 10.0.40219.1
Project("{FAE04EC0-301F-11D3-BF4B-00C04F79EFBC}") = "wordCount", "wordCount\wordCount.csproj", "{CAD972C2-6E9B-3D35-11C0-7F9D4296EEB7}"
EndProject
Project("{FAE04EC0-301F-11D3-BF4B-00C04F79EFBC}") = "wordFrequency", "wordFrequency\wordFrequency.csproj", "{38B5F0B2-8DBD-4A6B-5B3D-291A9B13D480}"
EndProject
Project("{FAE04EC0-301F-11D3-BF4B-00C04F79EFBC}") = "ToSumOrNot", "ToSumOrNot\ToSumOrNot.csproj", "{274BD9E4-EAD9-4FBD-A50D-19F3A01E5115}"
EndProject
Global
	GlobalSection(SolutionConfigurationPlatforms) = preSolution
		Debug|Any CPU = Debug|Any CPU
		Debug|x64 = Debug|x64
		Debug|x86 = Debug|x86
		Release|Any CPU = Release|Any CPU
		Release|x64 = Release|x64
		Release|x86 = Release|x86
	EndGlobalSection
	GlobalSection(ProjectConfigurationPlatforms) = postSolution
		{CAD972C2-6E9B-3D35-11C0-7F9D4296EEB7}.Debug|Any CPU.ActiveCfg = Debug|Any CPU
		{CAD972C2-6E9B-3D35-11C0-7F9D4296EEB7}.Debug|Any CPU.Build.0 = Debug|Any CPU
		{CAD972C2-6E9B-3D35-11C0-7F9D4296EEB7}.Debug|x64.ActiveCfg = Debug|Any CPU
		{CAD972C2-6E9B-3D35-11C0-7F9D4296EEB7}.Debug|x64.Build.0 = Debug|Any CPU
		{CAD972C2-6E9B-3D35-11C0-7F9D4296EEB7}.Debug|x86.ActiveCfg = Debug|Any CPU
		{CAD972C2-6E9B-3D35-11C0-7F9D4296EEB7}.Debug|x86.Build.0 = Debug|Any CPU
		{CAD972C2-6E9B-3D35-11C0-7F9D4296EEB7}.Release|Any CPU.ActiveCfg = Release|Any CPU
		{CAD972C2-6E9B-3D35-11C0-7F9D4296EEB7}.Release|Any CPU.Build.0 = Release|Any CPU
		{CAD972C2-6E9B-3D35-11C0-7F9D4296EEB7}.Release|x64.ActiveCfg = Release|Any CPU
		{CAD972C2-6E9B-3D35-11C0-7F9D4296EEB7}.Release|x64.Build.0 = Release|Any CPU
		{CAD972C2-6E9B-3D35-11C0-7F9D4296EEB7}.Release|x86.ActiveCfg = Release|Any CPU
		{CAD972C2-6E9B-3D35-11C0-7F9D4296EEB7}.Release|x86.Build.0 = Release|Any CPU
		{38B5F0B2-8DBD-4A6B-5B3D-291A9B13D480}.Debug|Any CPU.ActiveCfg = Debug|Any CPU
		{38B5F0B2-8DBD-4A6B-5B3D-291A9B13D480}.Debug|Any CPU.Build.0 = Debug|Any CPU
		{38B5F0B2-8DBD-4A6B-5B3D-291A9B13D480}.Debug|x64.ActiveCfg = Debug|Any CPU
		{38B5F0B2-8DBD-4A6B-5B3D-291A9B13D480}.Debug|x64.Build.0 = Debug|Any CPU
		{38B5F0B2-8DBD-4A6B-5B3D-291A9B13D480}.Debug|x86.ActiveCfg = Debug|Any CPU
		{38B5F0B2-8DBD-4A6B-5B3D-291A9B13D480}.Debug|x86.Build.0 = Debug|Any CPU
		{38B5F0B2-8DBD-4A6B-5B3D-291A9B13D480}.Release|Any CPU.ActiveCfg = Release|Any CPU
		{38B5F0B2-8DBD-4A6B-5B3D-291A9B13D480}.Release|Any CPU.Build.0 = Release|Any CPU
		{38B5F0B2-8DBD-4A6B-5B3D-291A9B13D480}.Release|x64.ActiveCfg = Release|Any CPU
		{38B5F0B2-8DBD-4A6B-5B3D-291A9B13D480}.Release|x64.Build.0 = Release|Any CPU
		{38B5F0B2-8DBD-4A6B-5B3D-291A9B13D480}.Release|x86.ActiveCfg = Release|Any CPU
		{38B5F0B2-8DBD-4A6B-5B3D-291A9B13D480}.Release|x86.Build.0 = Release|Any CPU
		{274BD9E4-EAD9-4FBD-A50D-19F3A01E5115}.Debug|Any CPU.ActiveCfg = Debug|Any CPU
		{274BD9E4-EAD9-4FBD-A50D-19F3A01E5115}.Debug|Any CPU.Build.0 = Debug|Any CPU
		{274BD9E4-EAD9-4FBD-A50D-19F3A01E5115}.Debug|x64.ActiveCfg = Debug|Any CPU
		{274BD9E4-EAD9-4FBD-A50D-19F3A01E5115}.Debug|x64.Build.0 = Debug|Any CPU
		{274BD9E4-EAD9-4FBD-A50D-19F3A01E5115}.Debug|x86.ActiveCfg = Debug|Any CPU
		{274BD9E4-EAD9-4FBD-A50D-19F3A01E5115}.Debug|x86.Build.0 = Debug|Any CPU
		{274BD9E4-EAD9-4FBD-A50D-19F3A01E5115}.Release|Any CPU.ActiveCfg = Release|Any CPU
		{274BD9E4-EAD9-4FBD-A50D-19F3A01E5115}.Release|Any CPU.Build.0 = Release|Any CPU
		{274BD9E4-EAD9-4FBD-A50D-19F3A01E5115}.Release|x64.ActiveCfg = Release|Any CPU
		{274BD9E4-EAD9-4FBD-A50D-19F3A01E5115}.Release|x64.Build.0 = Release|Any CPU
		{274BD9E4-EAD9-4FBD-A50D-19F3A01E5115}.Release|x86.ActiveCfg = Release|Any CPU
		{274BD9E4-EAD9-4FBD-A50D-19F3A01E5115}.Release|x86.Build.0 = Release|Any CPU
	EndGlobalSection
	GlobalSection(SolutionProperties) = preSolution
		HideSolutionNode = FALSE
	EndGlobalSection
	GlobalSection(ExtensibilityGlobals) = postSolution
		SolutionGuid = {66A18973-F74A-405B-9692-1ADD40AEC3EA}
	EndGlobalSection
EndGlobal
